
Microsoft Visual Studio Solution File, Format Version 12.00
# Visual Studio Version 17
VisualStudioVersion = 17.10.35013.160
MinimumVisualStudioVersion = 10.0.40219.1
Project("{FAE04EC0-301F-11D3-BF4B-00C04F79EFBC}") = "DapperTest-Before", "RefactoringExcercise-DapperTest\DapperTest-Before.csproj", "{C67D42CD-C66E-4605-9CE6-586890FCCD02}"
EndProject
Project("{2150E333-8FDC-42A3-9474-1A3956D46DE8}") = "01. before", "01. before", "{F47FEFE3-ADF6-45CE-8F40-F9E47C2564D2}"
EndProject
Project("{2150E333-8FDC-42A3-9474-1A3956D46DE8}") = "02. after", "02. after", "{C2CAB489-7C6F-4274-8727-03BCE08D7D01}"
EndProject
Project("{FAE04EC0-301F-11D3-BF4B-00C04F79EFBC}") = "DapperTest-After", "DapperTest-After\DapperTest-After.csproj", "{D23DF487-0CD1-4AFB-97F0-81B5AA4EF631}"
EndProject
Global
	GlobalSection(SolutionConfigurationPlatforms) = preSolution
		Debug|Any CPU = Debug|Any CPU
		Release|Any CPU = Release|Any CPU
	EndGlobalSection
	GlobalSection(ProjectConfigurationPlatforms) = postSolution
		{C67D42CD-C66E-4605-9CE6-586890FCCD02}.Debug|Any CPU.ActiveCfg = Debug|Any CPU
		{C67D42CD-C66E-4605-9CE6-586890FCCD02}.Debug|Any CPU.Build.0 = Debug|Any CPU
		{C67D42CD-C66E-4605-9CE6-586890FCCD02}.Release|Any CPU.ActiveCfg = Release|Any CPU
		{C67D42CD-C66E-4605-9CE6-586890FCCD02}.Release|Any CPU.Build.0 = Release|Any CPU
		{D23DF487-0CD1-4AFB-97F0-81B5AA4EF631}.Debug|Any CPU.ActiveCfg = Debug|Any CPU
		{D23DF487-0CD1-4AFB-97F0-81B5AA4EF631}.Debug|Any CPU.Build.0 = Debug|Any CPU
		{D23DF487-0CD1-4AFB-97F0-81B5AA4EF631}.Release|Any CPU.ActiveCfg = Release|Any CPU
		{D23DF487-0CD1-4AFB-97F0-81B5AA4EF631}.Release|Any CPU.Build.0 = Release|Any CPU
	EndGlobalSection
	GlobalSection(SolutionProperties) = preSolution
		HideSolutionNode = FALSE
	EndGlobalSection
	GlobalSection(NestedProjects) = preSolution
		{C67D42CD-C66E-4605-9CE6-586890FCCD02} = {F47FEFE3-ADF6-45CE-8F40-F9E47C2564D2}
		{D23DF487-0CD1-4AFB-97F0-81B5AA4EF631} = {C2CAB489-7C6F-4274-8727-03BCE08D7D01}
	EndGlobalSection
	GlobalSection(ExtensibilityGlobals) = postSolution
		SolutionGuid = {98AA5688-A383-4614-81B1-7E93F009896F}
	EndGlobalSection
EndGlobal
